
Microsoft Visual Studio Solution File, Format Version 12.00
# Visual Studio Version 16
VisualStudioVersion = 16.0.31005.135
MinimumVisualStudioVersion = 10.0.40219.1
Project("{8BC9CEB8-8B4A-11D0-8D11-00A0C91BC942}") = "ListOrVector", "ListOrVector\ListOrVector.vcxproj", "{58B6282F-A3EB-4EE0-81E4-74CB6B6ED226}"
EndProject
Project("{8BC9CEB8-8B4A-11D0-8D11-00A0C91BC942}") = "SmartPointers", "SmartPointers\SmartPointers.vcxproj", "{A5585A2F-CCB5-4971-B20F-950DD782A25A}"
EndProject
Global
	GlobalSection(SolutionConfigurationPlatforms) = preSolution
		Debug|x64 = Debug|x64
		Debug|x86 = Debug|x86
		Release|x64 = Release|x64
		Release|x86 = Release|x86
	EndGlobalSection
	GlobalSection(ProjectConfigurationPlatforms) = postSolution
		{58B6282F-A3EB-4EE0-81E4-74CB6B6ED226}.Debug|x64.ActiveCfg = Debug|x64
		{58B6282F-A3EB-4EE0-81E4-74CB6B6ED226}.Debug|x64.Build.0 = Debug|x64
		{58B6282F-A3EB-4EE0-81E4-74CB6B6ED226}.Debug|x86.ActiveCfg = Debug|Win32
		{58B6282F-A3EB-4EE0-81E4-74CB6B6ED226}.Debug|x86.Build.0 = Debug|Win32
		{58B6282F-A3EB-4EE0-81E4-74CB6B6ED226}.Release|x64.ActiveCfg = Release|x64
		{58B6282F-A3EB-4EE0-81E4-74CB6B6ED226}.Release|x64.Build.0 = Release|x64
		{58B6282F-A3EB-4EE0-81E4-74CB6B6ED226}.Release|x86.ActiveCfg = Release|Win32
		{58B6282F-A3EB-4EE0-81E4-74CB6B6ED226}.Release|x86.Build.0 = Release|Win32
		{A5585A2F-CCB5-4971-B20F-950DD782A25A}.Debug|x64.ActiveCfg = Debug|x64
		{A5585A2F-CCB5-4971-B20F-950DD782A25A}.Debug|x64.Build.0 = Debug|x64
		{A5585A2F-CCB5-4971-B20F-950DD782A25A}.Debug|x86.ActiveCfg = Debug|Win32
		{A5585A2F-CCB5-4971-B20F-950DD782A25A}.Debug|x86.Build.0 = Debug|Win32
		{A5585A2F-CCB5-4971-B20F-950DD782A25A}.Release|x64.ActiveCfg = Release|x64
		{A5585A2F-CCB5-4971-B20F-950DD782A25A}.Release|x64.Build.0 = Release|x64
		{A5585A2F-CCB5-4971-B20F-950DD782A25A}.Release|x86.ActiveCfg = Release|Win32
		{A5585A2F-CCB5-4971-B20F-950DD782A25A}.Release|x86.Build.0 = Release|Win32
	EndGlobalSection
	GlobalSection(SolutionProperties) = preSolution
		HideSolutionNode = FALSE
	EndGlobalSection
	GlobalSection(ExtensibilityGlobals) = postSolution
		SolutionGuid = {EEFB9FED-A921-4BF4-B74B-22809346C55A}
	EndGlobalSection
EndGlobal
